github.com/circlesac/credentials/go v1.2.2 h1:sDEjuf0s8y9F37VCkweHC2J8BHDDQsHa59E9XGz0b9c=
github.com/circlesac/credentials/go v1.2.2/go.mod h1:AfWGehoQtkKnIsAp5OrVV0jXes40dCDEjvfETadeYUQ=
golang.org/x/sys v0.35.0 h1:vz1N37gP5bs89s7He8XuIYXpyY0+QlsKmzipCbUtyxI=
golang.org/x/sys v0.35.0/go.mod h1:BJP2sWEmIv4KK5OTEluFJCKSidICx8ciO85XgH3Ak8k=
golang.org/x/term v0.34.0 h1:O/2T7POpk0ZZ7MAzMeWFSg6S5IpWd/RXDlM9hgM3DR4=
golang.org/x/term v0.34.0/go.mod h1:5jC53AEywhIVebHgPVeg0mj8OD3VO9OzclacVrqpaAw=
